lockfileVersion: '9.0'

settings:
  autoInstallPeers: true
  excludeLinksFromLockfile: false

importers:

  .:
    dependencies:
      chalk:
        specifier: ^5.5.0
        version: 5.5.0

packages:

  chalk@5.5.0:
    resolution: {integrity: sha512-1tm8DTaJhPBG3bIkVeZt1iZM9GfSX2lzOeDVZH9R9ffRHpmHvxZ/QhgQH/aDTkswQVt+YHdXAdS/In/30OjCbg==}
    engines: {node: ^12.17.0 || ^14.13 || >=16.0.0}

snapshots:

  chalk@5.5.0: {}
